
Microsoft Visual Studio Solution File, Format Version 12.00
# Visual Studio Version 16
VisualStudioVersion = 16.0.30413.136
MinimumVisualStudioVersion = 10.0.40219.1
Project("{FAE04EC0-301F-11D3-BF4B-00C04F79EFBC}") = "KinoKru", "KinoKru\KinoKru.csproj", "{9F3AE4B4-7335-40D2-AB89-0B00BF712D02}"
EndProject
Global
	GlobalSection(SolutionConfigurationPlatforms) = preSolution
		Debug|Any CPU = Debug|Any CPU
		Release|Any CPU = Release|Any CPU
	EndGlobalSection
	GlobalSection(ProjectConfigurationPlatforms) = postSolution
		{9F3AE4B4-7335-40D2-AB89-0B00BF712D02}.Debug|Any CPU.ActiveCfg = Debug|Any CPU
		{9F3AE4B4-7335-40D2-AB89-0B00BF712D02}.Debug|Any CPU.Build.0 = Debug|Any CPU
		{9F3AE4B4-7335-40D2-AB89-0B00BF712D02}.Release|Any CPU.ActiveCfg = Release|Any CPU
		{9F3AE4B4-7335-40D2-AB89-0B00BF712D02}.Release|Any CPU.Build.0 = Release|Any CPU
	EndGlobalSection
	GlobalSection(SolutionProperties) = preSolution
		HideSolutionNode = FALSE
	EndGlobalSection
	GlobalSection(ExtensibilityGlobals) = postSolution
		SolutionGuid = {D5464C1A-2DFD-475E-88A3-B380C543978B}
	EndGlobalSection
EndGlobal
